
Microsoft Visual Studio Solution File, Format Version 12.00
Project("{FAE04EC0-301F-11D3-BF4B-00C04F79EFBC}") = "Kol1", "Kol1\Kol1.csproj", "{F1FDC39A-D5BC-4A5E-9313-55F8E70B89D1}"
EndProject
Global
	GlobalSection(SolutionConfigurationPlatforms) = preSolution
		Debug|Any CPU = Debug|Any CPU
		Release|Any CPU = Release|Any CPU
	EndGlobalSection
	GlobalSection(ProjectConfigurationPlatforms) = postSolution
		{F1FDC39A-D5BC-4A5E-9313-55F8E70B89D1}.Debug|Any CPU.ActiveCfg = Debug|Any CPU
		{F1FDC39A-D5BC-4A5E-9313-55F8E70B89D1}.Debug|Any CPU.Build.0 = Debug|Any CPU
		{F1FDC39A-D5BC-4A5E-9313-55F8E70B89D1}.Release|Any CPU.ActiveCfg = Release|Any CPU
		{F1FDC39A-D5BC-4A5E-9313-55F8E70B89D1}.Release|Any CPU.Build.0 = Release|Any CPU
	EndGlobalSection
EndGlobal
